// !$*UTF8*$!
{
	archiveVersion = 1;
	classes = {
	};
	objectVersion = 56;
	objects = {

/* Begin PBXBuildFile section */
		6133F3422B11EC51001B7D08 /* CustomAnnotationView.swift in Sources */ = {isa = PBXBuildFile; fileRef = 6133F3412B11EC51001B7D08 /* CustomAnnotationView.swift */; };
		6133F3442B1207F1001B7D08 /* CustomAnnotation.swift in Sources */ = {isa = PBXBuildFile; fileRef = 6133F3432B1207F1001B7D08 /* CustomAnnotation.swift */; };
		6133F3462B1215DE001B7D08 /* Colors.xcassets in Resources */ = {isa = PBXBuildFile; fileRef = 6133F3452B1215DE001B7D08 /* Colors.xcassets */; };
		E5CF421F2B11C3F200A20D28 /* AppDelegate.swift in Sources */ = {isa = PBXBuildFile; fileRef = E5CF421E2B11C3F200A20D28 /* AppDelegate.swift */; };
		E5CF42212B11C3F200A20D28 /* SceneDelegate.swift in Sources */ = {isa = PBXBuildFile; fileRef = E5CF42202B11C3F200A20D28 /* SceneDelegate.swift */; };
		E5CF42232B11C3F200A20D28 /* HomeViewController.swift in Sources */ = {isa = PBXBuildFile; fileRef = E5CF42222B11C3F200A20D28 /* HomeViewController.swift */; };
		E5CF42282B11C3F400A20D28 /* Assets.xcassets in Resources */ = {isa = PBXBuildFile; fileRef = E5CF42272B11C3F400A20D28 /* Assets.xcassets */; };
		E5CF422B2B11C3F400A20D28 /* LaunchScreen.storyboard in Resources */ = {isa = PBXBuildFile; fileRef = E5CF42292B11C3F400A20D28 /* LaunchScreen.storyboard */; };
		E5CF423C2B11CEB100A20D28 /* a.empty in Resources */ = {isa = PBXBuildFile; fileRef = E5CF423B2B11CEB100A20D28 /* a.empty */; };
		E5CF42432B11D2D700A20D28 /* Moya in Frameworks */ = {isa = PBXBuildFile; productRef = E5CF42422B11D2D700A20D28 /* Moya */; };
		E5CF42462B11D34400A20D28 /* Kingfisher in Frameworks */ = {isa = PBXBuildFile; productRef = E5CF42452B11D34400A20D28 /* Kingfisher */; };
		E5CF42492B11D40100A20D28 /* SnapKit in Frameworks */ = {isa = PBXBuildFile; productRef = E5CF42482B11D40100A20D28 /* SnapKit */; };
		E5CF424C2B11D43500A20D28 /* Then in Frameworks */ = {isa = PBXBuildFile; productRef = E5CF424B2B11D43500A20D28 /* Then */; };
		E5CF424E2B11D48F00A20D28 /* NetworkService.swift in Sources */ = {isa = PBXBuildFile; fileRef = E5CF424D2B11D48F00A20D28 /* NetworkService.swift */; };
		E5CF42502B11D6B800A20D28 /* WoobamAPI.swift in Sources */ = {isa = PBXBuildFile; fileRef = E5CF424F2B11D6B800A20D28 /* WoobamAPI.swift */; };
		E5CF42522B11D98300A20D28 /* MainTabController.swift in Sources */ = {isa = PBXBuildFile; fileRef = E5CF42512B11D98300A20D28 /* MainTabController.swift */; };
		E5CF42572B11DE6600A20D28 /* MapViewController.swift in Sources */ = {isa = PBXBuildFile; fileRef = E5CF42562B11DE6600A20D28 /* MapViewController.swift */; };
		E5CF42592B11DE7000A20D28 /* UserViewController.swift in Sources */ = {isa = PBXBuildFile; fileRef = E5CF42582B11DE7000A20D28 /* UserViewController.swift */; };
		E5CF42612B11ED2D00A20D28 /* UIViewController+Background.swift in Sources */ = {isa = PBXBuildFile; fileRef = E5CF42602B11ED2D00A20D28 /* UIViewController+Background.swift */; };
		E5CF42642B1208C500A20D28 /* PinterestLayout.swift in Sources */ = {isa = PBXBuildFile; fileRef = E5CF42632B1208C400A20D28 /* PinterestLayout.swift */; };
		E5CF42672B120E7A00A20D28 /* FeedCell.swift in Sources */ = {isa = PBXBuildFile; fileRef = E5CF42662B120E7A00A20D28 /* FeedCell.swift */; };
/* End PBXBuildFile section */

/* Begin PBXFileReference section */
		6133F3412B11EC51001B7D08 /* CustomAnnotationView.swift */ = {isa = PBXFileReference; lastKnownFileType = sourcecode.swift; path = CustomAnnotationView.swift; sourceTree = "<group>"; };
		6133F3432B1207F1001B7D08 /* CustomAnnotation.swift */ = {isa = PBXFileReference; lastKnownFileType = sourcecode.swift; path = CustomAnnotation.swift; sourceTree = "<group>"; };
		6133F3452B1215DE001B7D08 /* Colors.xcassets */ = {isa = PBXFileReference; lastKnownFileType = folder.assetcatalog; path = Colors.xcassets; sourceTree = "<group>"; };
		E5CF421B2B11C3F200A20D28 /* WBDN.app */ = {isa = PBXFileReference; explicitFileType = wrapper.application; includeInIndex = 0; path = WBDN.app; sourceTree = BUILT_PRODUCTS_DIR; };
		E5CF421E2B11C3F200A20D28 /* AppDelegate.swift */ = {isa = PBXFileReference; lastKnownFileType = sourcecode.swift; path = AppDelegate.swift; sourceTree = "<group>"; };
		E5CF42202B11C3F200A20D28 /* SceneDelegate.swift */ = {isa = PBXFileReference; lastKnownFileType = sourcecode.swift; path = SceneDelegate.swift; sourceTree = "<group>"; };
		E5CF42222B11C3F200A20D28 /* HomeViewController.swift */ = {isa = PBXFileReference; lastKnownFileType = sourcecode.swift; path = HomeViewController.swift; sourceTree = "<group>"; };
		E5CF42272B11C3F400A20D28 /* Assets.xcassets */ = {isa = PBXFileReference; lastKnownFileType = folder.assetcatalog; path = Assets.xcassets; sourceTree = "<group>"; };
		E5CF422A2B11C3F400A20D28 /* Base */ = {isa = PBXFileReference; lastKnownFileType = file.storyboard; name = Base; path = Base.lproj/LaunchScreen.storyboard; sourceTree = "<group>"; };
		E5CF422C2B11C3F400A20D28 /* Info.plist */ = {isa = PBXFileReference; lastKnownFileType = text.plist.xml; path = Info.plist; sourceTree = "<group>"; };
		E5CF423B2B11CEB100A20D28 /* a.empty */ = {isa = PBXFileReference; lastKnownFileType = text; path = a.empty; sourceTree = "<group>"; };
		E5CF424D2B11D48F00A20D28 /* NetworkService.swift */ = {isa = PBXFileReference; lastKnownFileType = sourcecode.swift; path = NetworkService.swift; sourceTree = "<group>"; };
		E5CF424F2B11D6B800A20D28 /* WoobamAPI.swift */ = {isa = PBXFileReference; lastKnownFileType = sourcecode.swift; path = WoobamAPI.swift; sourceTree = "<group>"; };
		E5CF42512B11D98300A20D28 /* MainTabController.swift */ = {isa = PBXFileReference; lastKnownFileType = sourcecode.swift; path = MainTabController.swift; sourceTree = "<group>"; };
		E5CF42562B11DE6600A20D28 /* MapViewController.swift */ = {isa = PBXFileReference; lastKnownFileType = sourcecode.swift; path = MapViewController.swift; sourceTree = "<group>"; };
		E5CF42582B11DE7000A20D28 /* UserViewController.swift */ = {isa = PBXFileReference; lastKnownFileType = sourcecode.swift; path = UserViewController.swift; sourceTree = "<group>"; };
		E5CF42602B11ED2D00A20D28 /* UIViewController+Background.swift */ = {isa = PBXFileReference; lastKnownFileType = sourcecode.swift; path = "UIViewController+Background.swift"; sourceTree = "<group>"; };
		E5CF42632B1208C400A20D28 /* PinterestLayout.swift */ = {isa = PBXFileReference; lastKnownFileType = sourcecode.swift; path = PinterestLayout.swift; sourceTree = "<group>"; };
		E5CF42662B120E7A00A20D28 /* FeedCell.swift */ = {isa = PBXFileReference; lastKnownFileType = sourcecode.swift; path = FeedCell.swift; sourceTree = "<group>"; };
/* End PBXFileReference section */

/* Begin PBXFrameworksBuildPhase section */
		E5CF42182B11C3F200A20D28 /* Frameworks */ = {
			isa = PBXFrameworksBuildPhase;
			buildActionMask = 2147483647;
			files = (
				E5CF42492B11D40100A20D28 /* SnapKit in Frameworks */,
				E5CF42462B11D34400A20D28 /* Kingfisher in Frameworks */,
				E5CF42432B11D2D700A20D28 /* Moya in Frameworks */,
				E5CF424C2B11D43500A20D28 /* Then in Frameworks */,
			);
			runOnlyForDeploymentPostprocessing = 0;
		};
/* End PBXFrameworksBuildPhase section */

/* Begin PBXGroup section */
		6133F3402B11EBE6001B7D08 /* Annotation */ = {
			isa = PBXGroup;
			children = (
				6133F3412B11EC51001B7D08 /* CustomAnnotationView.swift */,
				6133F3432B1207F1001B7D08 /* CustomAnnotation.swift */,
			);
			path = Annotation;
			sourceTree = "<group>";
		};
		E5CF42122B11C3F200A20D28 = {
			isa = PBXGroup;
			children = (
				E5CF421D2B11C3F200A20D28 /* WBDN */,
				E5CF421C2B11C3F200A20D28 /* Products */,
			);
			sourceTree = "<group>";
		};
		E5CF421C2B11C3F200A20D28 /* Products */ = {
			isa = PBXGroup;
			children = (
				E5CF421B2B11C3F200A20D28 /* WBDN.app */,
			);
			name = Products;
			sourceTree = "<group>";
		};
		E5CF421D2B11C3F200A20D28 /* WBDN */ = {
			isa = PBXGroup;
			children = (
				E5CF42382B11CE7400A20D28 /* Sources */,
				E5CF42372B11CE7100A20D28 /* Resources */,
			);
			path = WBDN;
			sourceTree = "<group>";
		};
		E5CF42322B11CE5100A20D28 /* Application */ = {
			isa = PBXGroup;
			children = (
				E5CF421E2B11C3F200A20D28 /* AppDelegate.swift */,
				E5CF42202B11C3F200A20D28 /* SceneDelegate.swift */,
			);
			path = Application;
			sourceTree = "<group>";
		};
		E5CF42332B11CE5400A20D28 /* Scene */ = {
			isa = PBXGroup;
			children = (
				E5CF42622B12089400A20D28 /* Common */,
				E5CF42362B11CE6500A20D28 /* MainTab */,
				E5CF42532B11DDEE00A20D28 /* Home */,
				E5CF42542B11DDF000A20D28 /* Map */,
				E5CF42552B11DDF300A20D28 /* User */,
			);
			path = Scene;
			sourceTree = "<group>";
		};
		E5CF42342B11CE5700A20D28 /* Repository */ = {
			isa = PBXGroup;
			children = (
				E5CF423B2B11CEB100A20D28 /* a.empty */,
			);
			path = Repository;
			sourceTree = "<group>";
		};
		E5CF42352B11CE5B00A20D28 /* Network */ = {
			isa = PBXGroup;
			children = (
				E5CF424D2B11D48F00A20D28 /* NetworkService.swift */,
				E5CF424F2B11D6B800A20D28 /* WoobamAPI.swift */,
			);
			path = Network;
			sourceTree = "<group>";
		};
		E5CF42362B11CE6500A20D28 /* MainTab */ = {
			isa = PBXGroup;
			children = (
				E5CF42512B11D98300A20D28 /* MainTabController.swift */,
			);
			path = MainTab;
			sourceTree = "<group>";
		};
		E5CF42372B11CE7100A20D28 /* Resources */ = {
			isa = PBXGroup;
			children = (
				E5CF42272B11C3F400A20D28 /* Assets.xcassets */,
				E5CF42682B12238F00A20D28 /* New Group */,
				6133F3452B1215DE001B7D08 /* Colors.xcassets */,
				E5CF42292B11C3F400A20D28 /* LaunchScreen.storyboard */,
				E5CF422C2B11C3F400A20D28 /* Info.plist */,
			);
			path = Resources;
			sourceTree = "<group>";
		};
		E5CF42382B11CE7400A20D28 /* Sources */ = {
			isa = PBXGroup;
			children = (
				E5CF425E2B11ED2100A20D28 /* Util */,
				E5CF42322B11CE5100A20D28 /* Application */,
				E5CF42352B11CE5B00A20D28 /* Network */,
				E5CF42342B11CE5700A20D28 /* Repository */,
				E5CF42332B11CE5400A20D28 /* Scene */,
			);
			path = Sources;
			sourceTree = "<group>";
		};
		E5CF42532B11DDEE00A20D28 /* Home */ = {
			isa = PBXGroup;
			children = (
				E5CF42652B120E6B00A20D28 /* Cell */,
				E5CF42222B11C3F200A20D28 /* HomeViewController.swift */,
			);
			path = Home;
			sourceTree = "<group>";
		};
		E5CF42542B11DDF000A20D28 /* Map */ = {
			isa = PBXGroup;
			children = (
				6133F3402B11EBE6001B7D08 /* Annotation */,
				E5CF42562B11DE6600A20D28 /* MapViewController.swift */,
			);
			path = Map;
			sourceTree = "<group>";
		};
		E5CF42552B11DDF300A20D28 /* User */ = {
			isa = PBXGroup;
			children = (
				E5CF42582B11DE7000A20D28 /* UserViewController.swift */,
			);
			path = User;
			sourceTree = "<group>";
		};
		E5CF425E2B11ED2100A20D28 /* Util */ = {
			isa = PBXGroup;
			children = (
				E5CF425F2B11ED2500A20D28 /* Extensions */,
			);
			path = Util;
			sourceTree = "<group>";
		};
		E5CF425F2B11ED2500A20D28 /* Extensions */ = {
			isa = PBXGroup;
			children = (
				E5CF42602B11ED2D00A20D28 /* UIViewController+Background.swift */,
			);
			path = Extensions;
			sourceTree = "<group>";
		};
		E5CF42622B12089400A20D28 /* Common */ = {
			isa = PBXGroup;
			children = (
				E5CF42632B1208C400A20D28 /* PinterestLayout.swift */,
			);
			path = Common;
			sourceTree = "<group>";
		};
		E5CF42652B120E6B00A20D28 /* Cell */ = {
			isa = PBXGroup;
			children = (
				E5CF42662B120E7A00A20D28 /* FeedCell.swift */,
			);
			path = Cell;
			sourceTree = "<group>";
		};
		E5CF42682B12238F00A20D28 /* New Group */ = {
			isa = PBXGroup;
			children = (
			);
			path = "New Group";
			sourceTree = "<group>";
		};
/* End PBXGroup section */

/* Begin PBXNativeTarget section */
		E5CF421A2B11C3F200A20D28 /* WBDN */ = {
			isa = PBXNativeTarget;
			buildConfigurationList = E5CF422F2B11C3F400A20D28 /* Build configuration list for PBXNativeTarget "WBDN" */;
			buildPhases = (
				E5CF42172B11C3F200A20D28 /* Sources */,
				E5CF42182B11C3F200A20D28 /* Frameworks */,
				E5CF42192B11C3F200A20D28 /* Resources */,
			);
			buildRules = (
			);
			dependencies = (
			);
			name = WBDN;
			packageProductDependencies = (
				E5CF42422B11D2D700A20D28 /* Moya */,
				E5CF42452B11D34400A20D28 /* Kingfisher */,
				E5CF42482B11D40100A20D28 /* SnapKit */,
				E5CF424B2B11D43500A20D28 /* Then */,
			);
			productName = WBDN;
			productReference = E5CF421B2B11C3F200A20D28 /* WBDN.app */;
			productType = "com.apple.product-type.application";
		};
/* End PBXNativeTarget section */

/* Begin PBXProject section */
		E5CF42132B11C3F200A20D28 /* Project object */ = {
			isa = PBXProject;
			attributes = {
				BuildIndependentTargetsInParallel = 1;
				LastSwiftUpdateCheck = 1500;
				LastUpgradeCheck = 1500;
				TargetAttributes = {
					E5CF421A2B11C3F200A20D28 = {
						CreatedOnToolsVersion = 15.0;
					};
				};
			};
			buildConfigurationList = E5CF42162B11C3F200A20D28 /* Build configuration list for PBXProject "WBDN" */;
			compatibilityVersion = "Xcode 14.0";
			developmentRegion = en;
			hasScannedForEncodings = 0;
			knownRegions = (
				en,
				Base,
			);
			mainGroup = E5CF42122B11C3F200A20D28;
			packageReferences = (
				E5CF42412B11D2D700A20D28 /* XCRemoteSwiftPackageReference "Moya" */,
				E5CF42442B11D34400A20D28 /* XCRemoteSwiftPackageReference "Kingfisher" */,
				E5CF42472B11D40100A20D28 /* XCRemoteSwiftPackageReference "SnapKit" */,
				E5CF424A2B11D43500A20D28 /* XCRemoteSwiftPackageReference "Then" */,
			);
			productRefGroup = E5CF421C2B11C3F200A20D28 /* Products */;
			projectDirPath = "";
			projectRoot = "";
			targets = (
				E5CF421A2B11C3F200A20D28 /* WBDN */,
			);
		};
/* End PBXProject section */

/* Begin PBXResourcesBuildPhase section */
		E5CF42192B11C3F200A20D28 /* Resources */ = {
			isa = PBXResourcesBuildPhase;
			buildActionMask = 2147483647;
			files = (
				E5CF423C2B11CEB100A20D28 /* a.empty in Resources */,
				6133F3462B1215DE001B7D08 /* Colors.xcassets in Resources */,
				E5CF422B2B11C3F400A20D28 /* LaunchScreen.storyboard in Resources */,
				E5CF42282B11C3F400A20D28 /* Assets.xcassets in Resources */,
			);
			runOnlyForDeploymentPostprocessing = 0;
		};
/* End PBXResourcesBuildPhase section */

/* Begin PBXSourcesBuildPhase section */
		E5CF42172B11C3F200A20D28 /* Sources */ = {
			isa = PBXSourcesBuildPhase;
			buildActionMask = 2147483647;
			files = (
				E5CF42642B1208C500A20D28 /* PinterestLayout.swift in Sources */,
				E5CF42232B11C3F200A20D28 /* HomeViewController.swift in Sources */,
				E5CF42572B11DE6600A20D28 /* MapViewController.swift in Sources */,
				6133F3422B11EC51001B7D08 /* CustomAnnotationView.swift in Sources */,
				E5CF42592B11DE7000A20D28 /* UserViewController.swift in Sources */,
				E5CF42672B120E7A00A20D28 /* FeedCell.swift in Sources */,
				E5CF42502B11D6B800A20D28 /* WoobamAPI.swift in Sources */,
				E5CF42522B11D98300A20D28 /* MainTabController.swift in Sources */,
				E5CF421F2B11C3F200A20D28 /* AppDelegate.swift in Sources */,
				6133F3442B1207F1001B7D08 /* CustomAnnotation.swift in Sources */,
				E5CF424E2B11D48F00A20D28 /* NetworkService.swift in Sources */,
				E5CF42212B11C3F200A20D28 /* SceneDelegate.swift in Sources */,
				E5CF42612B11ED2D00A20D28 /* UIViewController+Background.swift in Sources */,
			);
			runOnlyForDeploymentPostprocessing = 0;
		};
/* End PBXSourcesBuildPhase section */

/* Begin PBXVariantGroup section */
		E5CF42292B11C3F400A20D28 /* LaunchScreen.storyboard */ = {
			isa = PBXVariantGroup;
			children = (
				E5CF422A2B11C3F400A20D28 /* Base */,
			);
			name = LaunchScreen.storyboard;
			sourceTree = "<group>";
		};
/* End PBXVariantGroup section */

/* Begin XCBuildConfiguration section */
		E5CF422D2B11C3F400A20D28 /* Debug */ = {
			isa = XCBuildConfiguration;
			buildSettings = {
				ALWAYS_SEARCH_USER_PATHS = NO;
				ASSETCATALOG_COMPILER_GENERATE_SWIFT_ASSET_SYMBOL_EXTENSIONS = YES;
				CLANG_ANALYZER_NONNULL = YES;
				CLANG_ANALYZER_NUMBER_OBJECT_CONVERSION = YES_AGGRESSIVE;
				CLANG_CXX_LANGUAGE_STANDARD = "gnu++20";
				CLANG_ENABLE_MODULES = YES;
				CLANG_ENABLE_OBJC_ARC = YES;
				CLANG_ENABLE_OBJC_WEAK = YES;
				CLANG_WARN_BLOCK_CAPTURE_AUTORELEASING = YES;
				CLANG_WARN_BOOL_CONVERSION = YES;
				CLANG_WARN_COMMA = YES;
				CLANG_WARN_CONSTANT_CONVERSION = YES;
				CLANG_WARN_DEPRECATED_OBJC_IMPLEMENTATIONS = YES;
				CLANG_WARN_DIRECT_OBJC_ISA_USAGE = YES_ERROR;
				CLANG_WARN_DOCUMENTATION_COMMENTS = YES;
				CLANG_WARN_EMPTY_BODY = YES;
				CLANG_WARN_ENUM_CONVERSION = YES;
				CLANG_WARN_INFINITE_RECURSION = YES;
				CLANG_WARN_INT_CONVERSION = YES;
				CLANG_WARN_NON_LITERAL_NULL_CONVERSION = YES;
				CLANG_WARN_OBJC_IMPLICIT_RETAIN_SELF = YES;
				CLANG_WARN_OBJC_LITERAL_CONVERSION = YES;
				CLANG_WARN_OBJC_ROOT_CLASS = YES_ERROR;
				CLANG_WARN_QUOTED_INCLUDE_IN_FRAMEWORK_HEADER = YES;
				CLANG_WARN_RANGE_LOOP_ANALYSIS = YES;
				CLANG_WARN_STRICT_PROTOTYPES = YES;
				CLANG_WARN_SUSPICIOUS_MOVE = YES;
				CLANG_WARN_UNGUARDED_AVAILABILITY = YES_AGGRESSIVE;
				CLANG_WARN_UNREACHABLE_CODE = YES;
				CLANG_WARN__DUPLICATE_METHOD_MATCH = YES;
				COPY_PHASE_STRIP = NO;
				DEBUG_INFORMATION_FORMAT = dwarf;
				ENABLE_STRICT_OBJC_MSGSEND = YES;
				ENABLE_TESTABILITY = YES;
				ENABLE_USER_SCRIPT_SANDBOXING = YES;
				GCC_C_LANGUAGE_STANDARD = gnu17;
				GCC_DYNAMIC_NO_PIC = NO;
				GCC_NO_COMMON_BLOCKS = YES;
				GCC_OPTIMIZATION_LEVEL = 0;
				GCC_PREPROCESSOR_DEFINITIONS = (
					"DEBUG=1",
					"$(inherited)",
				);
				GCC_WARN_64_TO_32_BIT_CONVERSION = YES;
				GCC_WARN_ABOUT_RETURN_TYPE = YES_ERROR;
				GCC_WARN_UNDECLARED_SELECTOR = YES;
				GCC_WARN_UNINITIALIZED_AUTOS = YES_AGGRESSIVE;
				GCC_WARN_UNUSED_FUNCTION = YES;
				GCC_WARN_UNUSED_VARIABLE = YES;
				IPHONEOS_DEPLOYMENT_TARGET = 17.0;
				LOCALIZATION_PREFERS_STRING_CATALOGS = YES;
				MTL_ENABLE_DEBUG_INFO = INCLUDE_SOURCE;
				MTL_FAST_MATH = YES;
				ONLY_ACTIVE_ARCH = YES;
				SDKROOT = iphoneos;
				SWIFT_ACTIVE_COMPILATION_CONDITIONS = "DEBUG $(inherited)";
				SWIFT_OPTIMIZATION_LEVEL = "-Onone";
			};
			name = Debug;
		};
		E5CF422E2B11C3F400A20D28 /* Release */ = {
			isa = XCBuildConfiguration;
			buildSettings = {
				ALWAYS_SEARCH_USER_PATHS = NO;
				ASSETCATALOG_COMPILER_GENERATE_SWIFT_ASSET_SYMBOL_EXTENSIONS = YES;
				CLANG_ANALYZER_NONNULL = YES;
				CLANG_ANALYZER_NUMBER_OBJECT_CONVERSION = YES_AGGRESSIVE;
				CLANG_CXX_LANGUAGE_STANDARD = "gnu++20";
				CLANG_ENABLE_MODULES = YES;
				CLANG_ENABLE_OBJC_ARC = YES;
				CLANG_ENABLE_OBJC_WEAK = YES;
				CLANG_WARN_BLOCK_CAPTURE_AUTORELEASING = YES;
				CLANG_WARN_BOOL_CONVERSION = YES;
				CLANG_WARN_COMMA = YES;
				CLANG_WARN_CONSTANT_CONVERSION = YES;
				CLANG_WARN_DEPRECATED_OBJC_IMPLEMENTATIONS = YES;
				CLANG_WARN_DIRECT_OBJC_ISA_USAGE = YES_ERROR;
				CLANG_WARN_DOCUMENTATION_COMMENTS = YES;
				CLANG_WARN_EMPTY_BODY = YES;
				CLANG_WARN_ENUM_CONVERSION = YES;
				CLANG_WARN_INFINITE_RECURSION = YES;
				CLANG_WARN_INT_CONVERSION = YES;
				CLANG_WARN_NON_LITERAL_NULL_CONVERSION = YES;
				CLANG_WARN_OBJC_IMPLICIT_RETAIN_SELF = YES;
				CLANG_WARN_OBJC_LITERAL_CONVERSION = YES;
				CLANG_WARN_OBJC_ROOT_CLASS = YES_ERROR;
				CLANG_WARN_QUOTED_INCLUDE_IN_FRAMEWORK_HEADER = YES;
				CLANG_WARN_RANGE_LOOP_ANALYSIS = YES;
				CLANG_WARN_STRICT_PROTOTYPES = YES;
				CLANG_WARN_SUSPICIOUS_MOVE = YES;
				CLANG_WARN_UNGUARDED_AVAILABILITY = YES_AGGRESSIVE;
				CLANG_WARN_UNREACHABLE_CODE = YES;
				CLANG_WARN__DUPLICATE_METHOD_MATCH = YES;
				COPY_PHASE_STRIP = NO;
				DEBUG_INFORMATION_FORMAT = "dwarf-with-dsym";
				ENABLE_NS_ASSERTIONS = NO;
				ENABLE_STRICT_OBJC_MSGSEND = YES;
				ENABLE_USER_SCRIPT_SANDBOXING = YES;
				GCC_C_LANGUAGE_STANDARD = gnu17;
				GCC_NO_COMMON_BLOCKS = YES;
				GCC_WARN_64_TO_32_BIT_CONVERSION = YES;
				GCC_WARN_ABOUT_RETURN_TYPE = YES_ERROR;
				GCC_WARN_UNDECLARED_SELECTOR = YES;
				GCC_WARN_UNINITIALIZED_AUTOS = YES_AGGRESSIVE;
				GCC_WARN_UNUSED_FUNCTION = YES;
				GCC_WARN_UNUSED_VARIABLE = YES;
				IPHONEOS_DEPLOYMENT_TARGET = 17.0;
				LOCALIZATION_PREFERS_STRING_CATALOGS = YES;
				MTL_ENABLE_DEBUG_INFO = NO;
				MTL_FAST_MATH = YES;
				SDKROOT = iphoneos;
				SWIFT_COMPILATION_MODE = wholemodule;
				VALIDATE_PRODUCT = YES;
			};
			name = Release;
		};
		E5CF42302B11C3F400A20D28 /* Debug */ = {
			isa = XCBuildConfiguration;
			buildSettings = {
				ASSETCATALOG_COMPILER_APPICON_NAME = AppIcon;
				ASSETCATALOG_COMPILER_GLOBAL_ACCENT_COLOR_NAME = AccentColor;
				CODE_SIGN_STYLE = Automatic;
				CURRENT_PROJECT_VERSION = 1;
				DEVELOPMENT_TEAM = TZ3VZ8CUCV;
				GENERATE_INFOPLIST_FILE = YES;
				INFOPLIST_FILE = WBDN/Resources/Info.plist;
				INFOPLIST_KEY_UIApplicationSupportsIndirectInputEvents = YES;
				INFOPLIST_KEY_UILaunchStoryboardName = LaunchScreen;
				INFOPLIST_KEY_UIStatusBarStyle = UIStatusBarStyleLightContent;
				INFOPLIST_KEY_UISupportedInterfaceOrientations = UIInterfaceOrientationPortrait;
				INFOPLIST_KEY_UISupportedInterfaceOrientations_iPad = "UIInterfaceOrientationLandscapeLeft UIInterfaceOrientationLandscapeRight UIInterfaceOrientationPortrait";
				IPHONEOS_DEPLOYMENT_TARGET = 16.0;
				LD_RUNPATH_SEARCH_PATHS = (
					"$(inherited)",
					"@executable_path/Frameworks",
				);
				MARKETING_VERSION = 1.0;
				PRODUCT_BUNDLE_IDENTIFIER = "neordinary-hack-r.WBDN";
				PRODUCT_NAME = "$(TARGET_NAME)";
				SUPPORTED_PLATFORMS = "iphoneos iphonesimulator";
				SUPPORTS_MACCATALYST = NO;
				SUPPORTS_MAC_DESIGNED_FOR_IPHONE_IPAD = NO;
				SWIFT_EMIT_LOC_STRINGS = YES;
				SWIFT_VERSION = 5.0;
				TARGETED_DEVICE_FAMILY = 1;
			};
			name = Debug;
		};
		E5CF42312B11C3F400A20D28 /* Release */ = {
			isa = XCBuildConfiguration;
			buildSettings = {
				ASSETCATALOG_COMPILER_APPICON_NAME = AppIcon;
				ASSETCATALOG_COMPILER_GLOBAL_ACCENT_COLOR_NAME = AccentColor;
				CODE_SIGN_STYLE = Automatic;
				CURRENT_PROJECT_VERSION = 1;
				DEVELOPMENT_TEAM = TZ3VZ8CUCV;
				GENERATE_INFOPLIST_FILE = YES;
				INFOPLIST_FILE = WBDN/Resources/Info.plist;
				INFOPLIST_KEY_UIApplicationSupportsIndirectInputEvents = YES;
				INFOPLIST_KEY_UILaunchStoryboardName = LaunchScreen;
				INFOPLIST_KEY_UIStatusBarStyle = UIStatusBarStyleLightContent;
				INFOPLIST_KEY_UISupportedInterfaceOrientations = UIInterfaceOrientationPortrait;
				INFOPLIST_KEY_UISupportedInterfaceOrientations_iPad = "UIInterfaceOrientationLandscapeLeft UIInterfaceOrientationLandscapeRight UIInterfaceOrientationPortrait";
				IPHONEOS_DEPLOYMENT_TARGET = 16.0;
				LD_RUNPATH_SEARCH_PATHS = (
					"$(inherited)",
					"@executable_path/Frameworks",
				);
				MARKETING_VERSION = 1.0;
				PRODUCT_BUNDLE_IDENTIFIER = "neordinary-hack-r.WBDN";
				PRODUCT_NAME = "$(TARGET_NAME)";
				SUPPORTED_PLATFORMS = "iphoneos iphonesimulator";
				SUPPORTS_MACCATALYST = NO;
				SUPPORTS_MAC_DESIGNED_FOR_IPHONE_IPAD = NO;
				SWIFT_EMIT_LOC_STRINGS = YES;
				SWIFT_VERSION = 5.0;
				TARGETED_DEVICE_FAMILY = 1;
			};
			name = Release;
		};
/* End XCBuildConfiguration section */

/* Begin XCConfigurationList section */
		E5CF42162B11C3F200A20D28 /* Build configuration list for PBXProject "WBDN" */ = {
			isa = XCConfigurationList;
			buildConfigurations = (
				E5CF422D2B11C3F400A20D28 /* Debug */,
				E5CF422E2B11C3F400A20D28 /* Release */,
			);
			defaultConfigurationIsVisible = 0;
			defaultConfigurationName = Release;
		};
		E5CF422F2B11C3F400A20D28 /* Build configuration list for PBXNativeTarget "WBDN" */ = {
			isa = XCConfigurationList;
			buildConfigurations = (
				E5CF42302B11C3F400A20D28 /* Debug */,
				E5CF42312B11C3F400A20D28 /* Release */,
			);
			defaultConfigurationIsVisible = 0;
			defaultConfigurationName = Release;
		};
/* End XCConfigurationList section */

/* Begin XCRemoteSwiftPackageReference section */
		E5CF42412B11D2D700A20D28 /* XCRemoteSwiftPackageReference "Moya" */ = {
			isa = XCRemoteSwiftPackageReference;
			repositoryURL = "https://github.com/Moya/Moya";
			requirement = {
				kind = upToNextMajorVersion;
				minimumVersion = 15.0.3;
			};
		};
		E5CF42442B11D34400A20D28 /* XCRemoteSwiftPackageReference "Kingfisher" */ = {
			isa = XCRemoteSwiftPackageReference;
			repositoryURL = "git@github.com:onevcat/Kingfisher.git";
			requirement = {
				kind = upToNextMajorVersion;
				minimumVersion = 7.10.0;
			};
		};
		E5CF42472B11D40100A20D28 /* XCRemoteSwiftPackageReference "SnapKit" */ = {
			isa = XCRemoteSwiftPackageReference;
			repositoryURL = "git@github.com:SnapKit/SnapKit.git";
			requirement = {
				kind = upToNextMajorVersion;
				minimumVersion = 5.6.0;
			};
		};
		E5CF424A2B11D43500A20D28 /* XCRemoteSwiftPackageReference "Then" */ = {
			isa = XCRemoteSwiftPackageReference;
			repositoryURL = "git@github.com:devxoul/Then.git";
			requirement = {
				kind = upToNextMajorVersion;
				minimumVersion = 3.0.0;
			};
		};
/* End XCRemoteSwiftPackageReference section */

/* Begin XCSwiftPackageProductDependency section */
		E5CF42422B11D2D700A20D28 /* Moya */ = {
			isa = XCSwiftPackageProductDependency;
			package = E5CF42412B11D2D700A20D28 /* XCRemoteSwiftPackageReference "Moya" */;
			productName = Moya;
		};
		E5CF42452B11D34400A20D28 /* Kingfisher */ = {
			isa = XCSwiftPackageProductDependency;
			package = E5CF42442B11D34400A20D28 /* XCRemoteSwiftPackageReference "Kingfisher" */;
			productName = Kingfisher;
		};
		E5CF42482B11D40100A20D28 /* SnapKit */ = {
			isa = XCSwiftPackageProductDependency;
			package = E5CF42472B11D40100A20D28 /* XCRemoteSwiftPackageReference "SnapKit" */;
			productName = SnapKit;
		};
		E5CF424B2B11D43500A20D28 /* Then */ = {
			isa = XCSwiftPackageProductDependency;
			package = E5CF424A2B11D43500A20D28 /* XCRemoteSwiftPackageReference "Then" */;
			productName = Then;
		};
/* End XCSwiftPackageProductDependency section */
	};
	rootObject = E5CF42132B11C3F200A20D28 /* Project object */;
}
